// !$*UTF8*$!
{
	archiveVersion = 1;
	classes = {
	};
	objectVersion = 46;
	objects = {

/* Begin PBXBuildFile section */
		F42D04FE1ECB588500CA4C64 /* CalculatorMind.swift in Sources */ = {isa = PBXBuildFile; fileRef = F42D04FD1ECB588500CA4C64 /* CalculatorMind.swift */; };
		F4DBDD791EC407B900C4479B /* AppDelegate.swift in Sources */ = {isa = PBXBuildFile; fileRef = F4DBDD781EC407B900C4479B /* AppDelegate.swift */; };
		F4DBDD7B1EC407B900C4479B /* ViewController.swift in Sources */ = {isa = PBXBuildFile; fileRef = F4DBDD7A1EC407B900C4479B /* ViewController.swift */; };
		F4DBDD7E1EC407B900C4479B /* Main.storyboard in Resources */ = {isa = PBXBuildFile; fileRef = F4DBDD7C1EC407B900C4479B /* Main.storyboard */; };
		F4DBDD801EC407B900C4479B /* Assets.xcassets in Resources */ = {isa = PBXBuildFile; fileRef = F4DBDD7F1EC407B900C4479B /* Assets.xcassets */; };
		F4DBDD831EC407B900C4479B /* LaunchScreen.storyboard in Resources */ = {isa = PBXBuildFile; fileRef = F4DBDD811EC407B900C4479B /* LaunchScreen.storyboard */; };
/* End PBXBuildFile section */

/* Begin PBXFileReference section */
		F42D04FD1ECB588500CA4C64 /* CalculatorMind.swift */ = {isa = PBXFileReference; fileEncoding = 4; lastKnownFileType = sourcecode.swift; path = CalculatorMind.swift; sourceTree = "<group>"; };
		F4DBDD751EC407B900C4479B /* Calculator.app */ = {isa = PBXFileReference; explicitFileType = wrapper.application; includeInIndex = 0; path = Calculator.app; sourceTree = BUILT_PRODUCTS_DIR; };
		F4DBDD781EC407B900C4479B /* AppDelegate.swift */ = {isa = PBXFileReference; lastKnownFileType = sourcecode.swift; path = AppDelegate.swift; sourceTree = "<group>"; };
		F4DBDD7A1EC407B900C4479B /* ViewController.swift */ = {isa = PBXFileReference; lastKnownFileType = sourcecode.swift; path = ViewController.swift; sourceTree = "<group>"; };
		F4DBDD7D1EC407B900C4479B /* Base */ = {isa = PBXFileReference; lastKnownFileType = file.storyboard; name = Base; path = Base.lproj/Main.storyboard; sourceTree = "<group>"; };
		F4DBDD7F1EC407B900C4479B /* Assets.xcassets */ = {isa = PBXFileReference; lastKnownFileType = folder.assetcatalog; path = Assets.xcassets; sourceTree = "<group>"; };
		F4DBDD821EC407B900C4479B /* Base */ = {isa = PBXFileReference; lastKnownFileType = file.storyboard; name = Base; path = Base.lproj/LaunchScreen.storyboard; sourceTree = "<group>"; };
		F4DBDD841EC407B900C4479B /* Info.plist */ = {isa = PBXFileReference; lastKnownFileType = text.plist.xml; path = Info.plist; sourceTree = "<group>"; };
/* End PBXFileReference section */

/* Begin PBXFrameworksBuildPhase section */
		F4DBDD721EC407B900C4479B /* Frameworks */ = {
			isa = PBXFrameworksBuildPhase;
			buildActionMask = 2147483647;
			files = (
			);
			runOnlyForDeploymentPostprocessing = 0;
		};
/* End PBXFrameworksBuildPhase section */

/* Begin PBXGroup section */
		F4DBDD6C1EC407B900C4479B = {
			isa = PBXGroup;
			children = (
				F4DBDD771EC407B900C4479B /* Calculator */,
				F4DBDD761EC407B900C4479B /* Products */,
			);
			sourceTree = "<group>";
		};
		F4DBDD761EC407B900C4479B /* Products */ = {
			isa = PBXGroup;
			children = (
				F4DBDD751EC407B900C4479B /* Calculator.app */,
			);
			name = Products;
			sourceTree = "<group>";
		};
		F4DBDD771EC407B900C4479B /* Calculator */ = {
			isa = PBXGroup;
			children = (
				F4DBDD781EC407B900C4479B /* AppDelegate.swift */,
				F4DBDD7A1EC407B900C4479B /* ViewController.swift */,
				F42D04FD1ECB588500CA4C64 /* CalculatorMind.swift */,
				F4DBDD7C1EC407B900C4479B /* Main.storyboard */,
				F4DBDD7F1EC407B900C4479B /* Assets.xcassets */,
				F4DBDD811EC407B900C4479B /* LaunchScreen.storyboard */,
				F4DBDD841EC407B900C4479B /* Info.plist */,
			);
			path = Calculator;
			sourceTree = "<group>";
		};
/* End PBXGroup section */

/* Begin PBXNativeTarget section */
		F4DBDD741EC407B900C4479B /* Calculator */ = {
			isa = PBXNativeTarget;
			buildConfigurationList = F4DBDD871EC407B900C4479B /* Build configuration list for PBXNativeTarget "Calculator" */;
			buildPhases = (
				F4DBDD711EC407B900C4479B /* Sources */,
				F4DBDD721EC407B900C4479B /* Frameworks */,
				F4DBDD731EC407B900C4479B /* Resources */,
			);
			buildRules = (
			);
			dependencies = (
			);
			name = Calculator;
			productName = Calculator;
			productReference = F4DBDD751EC407B900C4479B /* Calculator.app */;
			productType = "com.apple.product-type.application";
		};
/* End PBXNativeTarget section */

/* Begin PBXProject section */
		F4DBDD6D1EC407B900C4479B /* Project object */ = {
			isa = PBXProject;
			attributes = {
				LastSwiftUpdateCheck = 0830;
				LastUpgradeCheck = 0830;
				ORGANIZATIONNAME = "Asmita Gosavi";
				TargetAttributes = {
					F4DBDD741EC407B900C4479B = {
						CreatedOnToolsVersion = 8.3.1;
						DevelopmentTeam = ZBTT66JVBJ;
						ProvisioningStyle = Automatic;
					};
				};
			};
			buildConfigurationList = F4DBDD701EC407B900C4479B /* Build configuration list for PBXProject "Calculator" */;
			compatibilityVersion = "Xcode 3.2";
			developmentRegion = English;
			hasScannedForEncodings = 0;
			knownRegions = (
				en,
				Base,
			);
			mainGroup = F4DBDD6C1EC407B900C4479B;
			productRefGroup = F4DBDD761EC407B900C4479B /* Products */;
			projectDirPath = "";
			projectRoot = "";
			targets = (
				F4DBDD741EC407B900C4479B /* Calculator */,
			);
		};
/* End PBXProject section */

/* Begin PBXResourcesBuildPhase section */
		F4DBDD731EC407B900C4479B /* Resources */ = {
			isa = PBXResourcesBuildPhase;
			buildActionMask = 2147483647;
			files = (
				F4DBDD831EC407B900C4479B /* LaunchScreen.storyboard in Resources */,
				F4DBDD801EC407B900C4479B /* Assets.xcassets in Resources */,
				F4DBDD7E1EC407B900C4479B /* Main.storyboard in Resources */,
			);
			runOnlyForDeploymentPostprocessing = 0;
		};
/* End PBXResourcesBuildPhase section */

/* Begin PBXSourcesBuildPhase section */
		F4DBDD711EC407B900C4479B /* Sources */ = {
			isa = PBXSourcesBuildPhase;
			buildActionMask = 2147483647;
			files = (
				F4DBDD7B1EC407B900C4479B /* ViewController.swift in Sources */,
				F4DBDD791EC407B900C4479B /* AppDelegate.swift in Sources */,
				F42D04FE1ECB588500CA4C64 /* CalculatorMind.swift in Sources */,
			);
			runOnlyForDeploymentPostprocessing = 0;
		};
/* End PBXSourcesBuildPhase section */

/* Begin PBXVariantGroup section */
		F4DBDD7C1EC407B900C4479B /* Main.storyboard */ = {
			isa = PBXVariantGroup;
			children = (
				F4DBDD7D1EC407B900C4479B /* Base */,
			);
			name = Main.storyboard;
			sourceTree = "<group>";
		};
		F4DBDD811EC407B900C4479B /* LaunchScreen.storyboard */ = {
			isa = PBXVariantGroup;
			children = (
				F4DBDD821EC407B900C4479B /* Base */,
			);
			name = LaunchScreen.storyboard;
			sourceTree = "<group>";
		};
/* End PBXVariantGroup section */

/* Begin XCBuildConfiguration section */
		F4DBDD851EC407B900C4479B /* Debug */ = {
			isa = XCBuildConfiguration;
			buildSettings = {
				ALWAYS_SEARCH_USER_PATHS = NO;
				CLANG_ANALYZER_NONNULL = YES;
				CLANG_ANALYZER_NUMBER_OBJECT_CONVERSION = YES_AGGRESSIVE;
				CLANG_CXX_LANGUAGE_STANDARD = "gnu++0x";
				CLANG_CXX_LIBRARY = "libc++";
				CLANG_ENABLE_MODULES = YES;
				CLANG_ENABLE_OBJC_ARC = YES;
				CLANG_WARN_BOOL_CONVERSION = YES;
				CLANG_WARN_CONSTANT_CONVERSION = YES;
				CLANG_WARN_DIRECT_OBJC_ISA_USAGE = YES_ERROR;
				CLANG_WARN_DOCUMENTATION_COMMENTS = YES;
				CLANG_WARN_EMPTY_BODY = YES;
				CLANG_WARN_ENUM_CONVERSION = YES;
				CLANG_WARN_INFINITE_RECURSION = YES;
				CLANG_WARN_INT_CONVERSION = YES;
				CLANG_WARN_OBJC_ROOT_CLASS = YES_ERROR;
				CLANG_WARN_SUSPICIOUS_MOVE = YES;
				CLANG_WARN_UNREACHABLE_CODE = YES;
				CLANG_WARN__DUPLICATE_METHOD_MATCH = YES;
				"CODE_SIGN_IDENTITY[sdk=iphoneos*]" = "iPhone Developer";
				COPY_PHASE_STRIP = NO;
				DEBUG_INFORMATION_FORMAT = dwarf;
				ENABLE_STRICT_OBJC_MSGSEND = YES;
				ENABLE_TESTABILITY = YES;
				GCC_C_LANGUAGE_STANDARD = gnu99;
				GCC_DYNAMIC_NO_PIC = NO;
				GCC_NO_COMMON_BLOCKS = YES;
				GCC_OPTIMIZATION_LEVEL = 0;
				GCC_PREPROCESSOR_DEFINITIONS = (
					"DEBUG=1",
					"$(inherited)",
				);
				GCC_WARN_64_TO_32_BIT_CONVERSION = YES;
				GCC_WARN_ABOUT_RETURN_TYPE = YES_ERROR;
				GCC_WARN_UNDECLARED_SELECTOR = YES;
				GCC_WARN_UNINITIALIZED_AUTOS = YES_AGGRESSIVE;
				GCC_WARN_UNUSED_FUNCTION = YES;
				GCC_WARN_UNUSED_VARIABLE = YES;
				IPHONEOS_DEPLOYMENT_TARGET = 10.3;
				MTL_ENABLE_DEBUG_INFO = YES;
				ONLY_ACTIVE_ARCH = YES;
				SDKROOT = iphoneos;
				SWIFT_ACTIVE_COMPILATION_CONDITIONS = DEBUG;
				SWIFT_OPTIMIZATION_LEVEL = "-Onone";
				TARGETED_DEVICE_FAMILY = "1,2";
			};
			name = Debug;
		};
		F4DBDD861EC407B900C4479B /* Release */ = {
			isa = XCBuildConfiguration;
			buildSettings = {
				ALWAYS_SEARCH_USER_PATHS = NO;
				CLANG_ANALYZER_NONNULL = YES;
				CLANG_ANALYZER_NUMBER_OBJECT_CONVERSION = YES_AGGRESSIVE;
				CLANG_CXX_LANGUAGE_STANDARD = "gnu++0x";
				CLANG_CXX_LIBRARY = "libc++";
				CLANG_ENABLE_MODULES = YES;
				CLANG_ENABLE_OBJC_ARC = YES;
				CLANG_WARN_BOOL_CONVERSION = YES;
				CLANG_WARN_CONSTANT_CONVERSION = YES;
				CLANG_WARN_DIRECT_OBJC_ISA_USAGE = YES_ERROR;
				CLANG_WARN_DOCUMENTATION_COMMENTS = YES;
				CLANG_WARN_EMPTY_BODY = YES;
				CLANG_WARN_ENUM_CONVERSION = YES;
				CLANG_WARN_INFINITE_RECURSION = YES;
				CLANG_WARN_INT_CONVERSION = YES;
				CLANG_WARN_OBJC_ROOT_CLASS = YES_ERROR;
				CLANG_WARN_SUSPICIOUS_MOVE = YES;
				CLANG_WARN_UNREACHABLE_CODE = YES;
				CLANG_WARN__DUPLICATE_METHOD_MATCH = YES;
				"CODE_SIGN_IDENTITY[sdk=iphoneos*]" = "iPhone Developer";
				COPY_PHASE_STRIP = NO;
				DEBUG_INFORMATION_FORMAT = "dwarf-with-dsym";
				ENABLE_NS_ASSERTIONS = NO;
				ENABLE_STRICT_OBJC_MSGSEND = YES;
				GCC_C_LANGUAGE_STANDARD = gnu99;
				GCC_NO_COMMON_BLOCKS = YES;
				GCC_WARN_64_TO_32_BIT_CONVERSION = YES;
				GCC_WARN_ABOUT_RETURN_TYPE = YES_ERROR;
				GCC_WARN_UNDECLARED_SELECTOR = YES;
				GCC_WARN_UNINITIALIZED_AUTOS = YES_AGGRESSIVE;
				GCC_WARN_UNUSED_FUNCTION = YES;
				GCC_WARN_UNUSED_VARIABLE = YES;
				IPHONEOS_DEPLOYMENT_TARGET = 10.3;
				MTL_ENABLE_DEBUG_INFO = NO;
				SDKROOT = iphoneos;
				SWIFT_OPTIMIZATION_LEVEL = "-Owholemodule";
				TARGETED_DEVICE_FAMILY = "1,2";
				VALIDATE_PRODUCT = YES;
			};
			name = Release;
		};
		F4DBDD881EC407B900C4479B /* Debug */ = {
			isa = XCBuildConfiguration;
			buildSettings = {
				ASSETCATALOG_COMPILER_APPICON_NAME = AppIcon;
				DEVELOPMENT_TEAM = ZBTT66JVBJ;
				INFOPLIST_FILE = Calculator/Info.plist;
				LD_RUNPATH_SEARCH_PATHS = "$(inherited) @executable_path/Frameworks";
				PRODUCT_BUNDLE_IDENTIFIER = com.asmi.calc.Calculator;
				PRODUCT_NAME = "$(TARGET_NAME)";
				SWIFT_VERSION = 3.0;
			};
			name = Debug;
		};
		F4DBDD891EC407B900C4479B /* Release */ = {
			isa = XCBuildConfiguration;
			buildSettings = {
				ASSETCATALOG_COMPILER_APPICON_NAME = AppIcon;
				DEVELOPMENT_TEAM = ZBTT66JVBJ;
				INFOPLIST_FILE = Calculator/Info.plist;
				LD_RUNPATH_SEARCH_PATHS = "$(inherited) @executable_path/Frameworks";
				PRODUCT_BUNDLE_IDENTIFIER = com.asmi.calc.Calculator;
				PRODUCT_NAME = "$(TARGET_NAME)";
				SWIFT_VERSION = 3.0;
			};
			name = Release;
		};
/* End XCBuildConfiguration section */

/* Begin XCConfigurationList section */
		F4DBDD701EC407B900C4479B /* Build configuration list for PBXProject "Calculator" */ = {
			isa = XCConfigurationList;
			buildConfigurations = (
				F4DBDD851EC407B900C4479B /* Debug */,
				F4DBDD861EC407B900C4479B /* Release */,
			);
			defaultConfigurationIsVisible = 0;
			defaultConfigurationName = Release;
		};
		F4DBDD871EC407B900C4479B /* Build configuration list for PBXNativeTarget "Calculator" */ = {
			isa = XCConfigurationList;
			buildConfigurations = (
				F4DBDD881EC407B900C4479B /* Debug */,
				F4DBDD891EC407B900C4479B /* Release */,
			);
			defaultConfigurationIsVisible = 0;
			defaultConfigurationName = Release;
		};
/* End XCConfigurationList section */
	};
	rootObject = F4DBDD6D1EC407B900C4479B /* Project object */;
}
